
Microsoft Visual Studio Solution File, Format Version 12.00
# Visual Studio Version 17
VisualStudioVersion = 17.4.33122.133
MinimumVisualStudioVersion = 10.0.40219.1
Project("{9A19103F-16F7-4668-BE54-9A1E7A4F7556}") = "Labb2-LINQ", "Labb2-LINQ\Labb2-LINQ.csproj", "{64C4FAD5-70F0-4466-92A0-602432E07B6F}"
EndProject
Global
	GlobalSection(SolutionConfigurationPlatforms) = preSolution
		Debug|Any CPU = Debug|Any CPU
		Release|Any CPU = Release|Any CPU
	EndGlobalSection
	GlobalSection(ProjectConfigurationPlatforms) = postSolution
		{64C4FAD5-70F0-4466-92A0-602432E07B6F}.Debug|Any CPU.ActiveCfg = Debug|Any CPU
		{64C4FAD5-70F0-4466-92A0-602432E07B6F}.Debug|Any CPU.Build.0 = Debug|Any CPU
		{64C4FAD5-70F0-4466-92A0-602432E07B6F}.Release|Any CPU.ActiveCfg = Release|Any CPU
		{64C4FAD5-70F0-4466-92A0-602432E07B6F}.Release|Any CPU.Build.0 = Release|Any CPU
	EndGlobalSection
	GlobalSection(SolutionProperties) = preSolution
		HideSolutionNode = FALSE
	EndGlobalSection
	GlobalSection(ExtensibilityGlobals) = postSolution
		SolutionGuid = {D07F60B8-614C-4759-BFCC-432DB9D820CA}
	EndGlobalSection
EndGlobal
